uuid: d607a24e-fe71-4975-b530-53e02dc59e25
langcode: en
status: true
dependencies:
  module:
    - block_field
    - paragraphs
id: paragraph.field_block
field_name: field_block
entity_type: paragraph
type: block_field
settings: {  }
module: block_field
locked: false
cardinality: 1
translatable: true
indexes: {  }
persist_with_no_fields: false
custom_storage: false
